
Microsoft Visual Studio Solution File, Format Version 12.00
# Visual Studio Version 17
VisualStudioVersion = 17.12.35707.178
MinimumVisualStudioVersion = 10.0.40219.1
Project("{9A19103F-16F7-4668-BE54-9A1E7A4F7556}") = "inventory.UI", "inventory.UI.csproj", "{EA58C8C8-77AC-4244-94F2-974675493531}"
EndProject
Project("{FAE04EC0-301F-11D3-BF4B-00C04F79EFBC}") = "inventory.Domain", "..\inventory.Domain\inventory.Domain.csproj", "{66A4FE7F-FC90-4BA8-8A8E-57D7FDBE0790}"
EndProject
Project("{FAE04EC0-301F-11D3-BF4B-00C04F79EFBC}") = "inventory.Infrastructure", "..\inventory.Infrastructure\inventory.Infrastructure.csproj", "{E01D9003-24C5-44F2-9C50-291F863C2764}"
EndProject
Project("{FAE04EC0-301F-11D3-BF4B-00C04F79EFBC}") = "inventory.Service", "..\inventory.Application\inventory.Service.csproj", "{7161A5FA-DF34-4480-9331-D5EA15BEBB72}"
EndProject
Project("{2150E333-8FDC-42A3-9474-1A3956D46DE8}") = "Solution Items", "Solution Items", "{D457C5B2-80F0-4D04-96F9-92686EFAB29A}"
EndProject
Global
	GlobalSection(SolutionConfigurationPlatforms) = preSolution
		Debug|Any CPU = Debug|Any CPU
		Release|Any CPU = Release|Any CPU
	EndGlobalSection
	GlobalSection(ProjectConfigurationPlatforms) = postSolution
		{EA58C8C8-77AC-4244-94F2-974675493531}.Debug|Any CPU.ActiveCfg = Debug|Any CPU
		{EA58C8C8-77AC-4244-94F2-974675493531}.Debug|Any CPU.Build.0 = Debug|Any CPU
		{EA58C8C8-77AC-4244-94F2-974675493531}.Release|Any CPU.ActiveCfg = Release|Any CPU
		{EA58C8C8-77AC-4244-94F2-974675493531}.Release|Any CPU.Build.0 = Release|Any CPU
		{66A4FE7F-FC90-4BA8-8A8E-57D7FDBE0790}.Debug|Any CPU.ActiveCfg = Debug|Any CPU
		{66A4FE7F-FC90-4BA8-8A8E-57D7FDBE0790}.Debug|Any CPU.Build.0 = Debug|Any CPU
		{66A4FE7F-FC90-4BA8-8A8E-57D7FDBE0790}.Release|Any CPU.ActiveCfg = Release|Any CPU
		{66A4FE7F-FC90-4BA8-8A8E-57D7FDBE0790}.Release|Any CPU.Build.0 = Release|Any CPU
		{E01D9003-24C5-44F2-9C50-291F863C2764}.Debug|Any CPU.ActiveCfg = Debug|Any CPU
		{E01D9003-24C5-44F2-9C50-291F863C2764}.Debug|Any CPU.Build.0 = Debug|Any CPU
		{E01D9003-24C5-44F2-9C50-291F863C2764}.Release|Any CPU.ActiveCfg = Release|Any CPU
		{E01D9003-24C5-44F2-9C50-291F863C2764}.Release|Any CPU.Build.0 = Release|Any CPU
		{7161A5FA-DF34-4480-9331-D5EA15BEBB72}.Debug|Any CPU.ActiveCfg = Debug|Any CPU
		{7161A5FA-DF34-4480-9331-D5EA15BEBB72}.Debug|Any CPU.Build.0 = Debug|Any CPU
		{7161A5FA-DF34-4480-9331-D5EA15BEBB72}.Release|Any CPU.ActiveCfg = Release|Any CPU
		{7161A5FA-DF34-4480-9331-D5EA15BEBB72}.Release|Any CPU.Build.0 = Release|Any CPU
	EndGlobalSection
	GlobalSection(SolutionProperties) = preSolution
		HideSolutionNode = FALSE
	EndGlobalSection
EndGlobal
